
Microsoft Visual Studio Solution File, Format Version 12.00
# Visual Studio 2012
Project("{FAE04EC0-301F-11D3-BF4B-00C04F79EFBC}") = "Aditi.Scheduler", "Aditi.Scheduler\Aditi.Scheduler.csproj", "{2730A987-BD8D-435B-A7ED-03DB7F54CEA4}"
EndProject
Project("{2150E333-8FDC-42A3-9474-1A3956D46DE8}") = ".nuget", ".nuget", "{07522BB1-5A16-4463-9436-537082E3CD73}"
	ProjectSection(SolutionItems) = preProject
		.nuget\NuGet.Config = .nuget\NuGet.Config
		.nuget\NuGet.exe = .nuget\NuGet.exe
		.nuget\NuGet.targets = .nuget\NuGet.targets
	EndProjectSection
EndProject
Project("{FAE04EC0-301F-11D3-BF4B-00C04F79EFBC}") = "Aditi.Scheduler.Models", "Aditi.Scheduler.Models\Aditi.Scheduler.Models.csproj", "{21444757-3D70-45FC-A948-279AD079E470}"
EndProject
Project("{FAE04EC0-301F-11D3-BF4B-00C04F79EFBC}") = "NugetClient", "NugetWPFAsync\NugetClient.csproj", "{2EFC422E-EB3A-4111-A827-40B3EAA40988}"
EndProject
Global
	GlobalSection(SolutionConfigurationPlatforms) = preSolution
		Debug|Any CPU = Debug|Any CPU
		Release|Any CPU = Release|Any CPU
	EndGlobalSection
	GlobalSection(ProjectConfigurationPlatforms) = postSolution
		{2730A987-BD8D-435B-A7ED-03DB7F54CEA4}.Debug|Any CPU.ActiveCfg = Debug|Any CPU
		{2730A987-BD8D-435B-A7ED-03DB7F54CEA4}.Debug|Any CPU.Build.0 = Debug|Any CPU
		{2730A987-BD8D-435B-A7ED-03DB7F54CEA4}.Release|Any CPU.ActiveCfg = Release|Any CPU
		{2730A987-BD8D-435B-A7ED-03DB7F54CEA4}.Release|Any CPU.Build.0 = Release|Any CPU
		{21444757-3D70-45FC-A948-279AD079E470}.Debug|Any CPU.ActiveCfg = Debug|Any CPU
		{21444757-3D70-45FC-A948-279AD079E470}.Debug|Any CPU.Build.0 = Debug|Any CPU
		{21444757-3D70-45FC-A948-279AD079E470}.Release|Any CPU.ActiveCfg = Release|Any CPU
		{21444757-3D70-45FC-A948-279AD079E470}.Release|Any CPU.Build.0 = Release|Any CPU
		{2EFC422E-EB3A-4111-A827-40B3EAA40988}.Debug|Any CPU.ActiveCfg = Debug|Any CPU
		{2EFC422E-EB3A-4111-A827-40B3EAA40988}.Debug|Any CPU.Build.0 = Debug|Any CPU
		{2EFC422E-EB3A-4111-A827-40B3EAA40988}.Release|Any CPU.ActiveCfg = Release|Any CPU
		{2EFC422E-EB3A-4111-A827-40B3EAA40988}.Release|Any CPU.Build.0 = Release|Any CPU
	EndGlobalSection
	GlobalSection(SolutionProperties) = preSolution
		HideSolutionNode = FALSE
	EndGlobalSection
EndGlobal
